
Microsoft Visual Studio Solution File, Format Version 12.00
# Visual Studio 15
VisualStudioVersion = 15.0.28010.2016
MinimumVisualStudioVersion = 10.0.40219.1
Project("{9A19103F-16F7-4668-BE54-9A1E7A4F7556}") = "001.Hailstone", "001.Hailstone\001.Hailstone.csproj", "{8CB24EA7-5C60-4C41-9203-84A3DE0EE020}"
EndProject
Project("{9A19103F-16F7-4668-BE54-9A1E7A4F7556}") = "002.RAM", "002.RAM\002.RAM.csproj", "{1E2FD4B0-7035-4200-BBC8-61CA0AA47D41}"
EndProject
Project("{FAE04EC0-301F-11D3-BF4B-00C04F79EFBC}") = "003.Distinct", "003.Distinct\003.Distinct.csproj", "{CE5CF596-8CBC-4DD1-81DF-C11A5FC15602}"
EndProject
Global
	GlobalSection(SolutionConfigurationPlatforms) = preSolution
		Debug|Any CPU = Debug|Any CPU
		Release|Any CPU = Release|Any CPU
	EndGlobalSection
	GlobalSection(ProjectConfigurationPlatforms) = postSolution
		{8CB24EA7-5C60-4C41-9203-84A3DE0EE020}.Debug|Any CPU.ActiveCfg = Debug|Any CPU
		{8CB24EA7-5C60-4C41-9203-84A3DE0EE020}.Debug|Any CPU.Build.0 = Debug|Any CPU
		{8CB24EA7-5C60-4C41-9203-84A3DE0EE020}.Release|Any CPU.ActiveCfg = Release|Any CPU
		{8CB24EA7-5C60-4C41-9203-84A3DE0EE020}.Release|Any CPU.Build.0 = Release|Any CPU
		{1E2FD4B0-7035-4200-BBC8-61CA0AA47D41}.Debug|Any CPU.ActiveCfg = Debug|Any CPU
		{1E2FD4B0-7035-4200-BBC8-61CA0AA47D41}.Debug|Any CPU.Build.0 = Debug|Any CPU
		{1E2FD4B0-7035-4200-BBC8-61CA0AA47D41}.Release|Any CPU.ActiveCfg = Release|Any CPU
		{1E2FD4B0-7035-4200-BBC8-61CA0AA47D41}.Release|Any CPU.Build.0 = Release|Any CPU
		{CE5CF596-8CBC-4DD1-81DF-C11A5FC15602}.Debug|Any CPU.ActiveCfg = Debug|Any CPU
		{CE5CF596-8CBC-4DD1-81DF-C11A5FC15602}.Debug|Any CPU.Build.0 = Debug|Any CPU
		{CE5CF596-8CBC-4DD1-81DF-C11A5FC15602}.Release|Any CPU.ActiveCfg = Release|Any CPU
		{CE5CF596-8CBC-4DD1-81DF-C11A5FC15602}.Release|Any CPU.Build.0 = Release|Any CPU
	EndGlobalSection
	GlobalSection(SolutionProperties) = preSolution
		HideSolutionNode = FALSE
	EndGlobalSection
	GlobalSection(ExtensibilityGlobals) = postSolution
		SolutionGuid = {56EEF77B-7DEC-4EF7-9F22-EE6E6582F868}
	EndGlobalSection
EndGlobal
